
Microsoft Visual Studio Solution File, Format Version 12.00
# Visual Studio 15
VisualStudioVersion = 15.0.28010.2036
MinimumVisualStudioVersion = 10.0.40219.1
Project("{9A19103F-16F7-4668-BE54-9A1E7A4F7556}") = "Ultrix.Domain", "Ultrix.Domain\Ultrix.Domain.csproj", "{104F4A1F-F2CF-4096-B375-B11D946DF403}"
EndProject
Project("{9A19103F-16F7-4668-BE54-9A1E7A4F7556}") = "Ultrix.Persistance", "Ultrix.Persistance\Ultrix.Persistance.csproj", "{6D73751B-2176-4530-8DEC-EC8D55DD89A1}"
EndProject
Project("{9A19103F-16F7-4668-BE54-9A1E7A4F7556}") = "Ultrix.Application", "Ultrix.Application\Ultrix.Application.csproj", "{A98F0F83-BBFD-4B1D-8319-044E72C43EEA}"
EndProject
Project("{9A19103F-16F7-4668-BE54-9A1E7A4F7556}") = "Ultrix.Infrastructure", "Ultrix.Infrastructure\Ultrix.Infrastructure.csproj", "{2F6BFB24-1505-4B18-BF58-9FBB94604F01}"
EndProject
Project("{9A19103F-16F7-4668-BE54-9A1E7A4F7556}") = "Ultrix.Presentation", "Ultrix.Presentation\Ultrix.Presentation.csproj", "{F4D7E538-B095-4B29-84EB-7B8515710159}"
EndProject
Project("{2150E333-8FDC-42A3-9474-1A3956D46DE8}") = "Data", "Data", "{63ABD9C1-973B-4B88-8446-5153D58903A1}"
	ProjectSection(SolutionItems) = preProject
		E:\Cloud\OneDrive\Fontys\S2\Individuele opdracht\Ontwikkel documenten\Database Diagram.png = E:\Cloud\OneDrive\Fontys\S2\Individuele opdracht\Ontwikkel documenten\Database Diagram.png
		..\..\..\MemesDbContext.mdf = ..\..\..\MemesDbContext.mdf
		..\..\..\MemesDbContext_log.ldf = ..\..\..\MemesDbContext_log.ldf
		E:\Cloud\OneDrive\Fontys\S2\Individuele opdracht\Ontwikkel documenten\Ultrix user interfaces.pdf = E:\Cloud\OneDrive\Fontys\S2\Individuele opdracht\Ontwikkel documenten\Ultrix user interfaces.pdf
	EndProjectSection
EndProject
Project("{9A19103F-16F7-4668-BE54-9A1E7A4F7556}") = "Ultrix.Mapping", "Ultrix.Mapping\Ultrix.Mapping.csproj", "{9D35D64F-7527-418A-ADEF-801C136E683B}"
EndProject
Global
	GlobalSection(SolutionConfigurationPlatforms) = preSolution
		Debug|Any CPU = Debug|Any CPU
		Release|Any CPU = Release|Any CPU
	EndGlobalSection
	GlobalSection(ProjectConfigurationPlatforms) = postSolution
		{104F4A1F-F2CF-4096-B375-B11D946DF403}.Debug|Any CPU.ActiveCfg = Debug|Any CPU
		{104F4A1F-F2CF-4096-B375-B11D946DF403}.Debug|Any CPU.Build.0 = Debug|Any CPU
		{104F4A1F-F2CF-4096-B375-B11D946DF403}.Release|Any CPU.ActiveCfg = Release|Any CPU
		{104F4A1F-F2CF-4096-B375-B11D946DF403}.Release|Any CPU.Build.0 = Release|Any CPU
		{6D73751B-2176-4530-8DEC-EC8D55DD89A1}.Debug|Any CPU.ActiveCfg = Debug|Any CPU
		{6D73751B-2176-4530-8DEC-EC8D55DD89A1}.Debug|Any CPU.Build.0 = Debug|Any CPU
		{6D73751B-2176-4530-8DEC-EC8D55DD89A1}.Release|Any CPU.ActiveCfg = Release|Any CPU
		{6D73751B-2176-4530-8DEC-EC8D55DD89A1}.Release|Any CPU.Build.0 = Release|Any CPU
		{A98F0F83-BBFD-4B1D-8319-044E72C43EEA}.Debug|Any CPU.ActiveCfg = Debug|Any CPU
		{A98F0F83-BBFD-4B1D-8319-044E72C43EEA}.Debug|Any CPU.Build.0 = Debug|Any CPU
		{A98F0F83-BBFD-4B1D-8319-044E72C43EEA}.Release|Any CPU.ActiveCfg = Release|Any CPU
		{A98F0F83-BBFD-4B1D-8319-044E72C43EEA}.Release|Any CPU.Build.0 = Release|Any CPU
		{2F6BFB24-1505-4B18-BF58-9FBB94604F01}.Debug|Any CPU.ActiveCfg = Debug|Any CPU
		{2F6BFB24-1505-4B18-BF58-9FBB94604F01}.Debug|Any CPU.Build.0 = Debug|Any CPU
		{2F6BFB24-1505-4B18-BF58-9FBB94604F01}.Release|Any CPU.ActiveCfg = Release|Any CPU
		{2F6BFB24-1505-4B18-BF58-9FBB94604F01}.Release|Any CPU.Build.0 = Release|Any CPU
		{F4D7E538-B095-4B29-84EB-7B8515710159}.Debug|Any CPU.ActiveCfg = Debug|Any CPU
		{F4D7E538-B095-4B29-84EB-7B8515710159}.Debug|Any CPU.Build.0 = Debug|Any CPU
		{F4D7E538-B095-4B29-84EB-7B8515710159}.Release|Any CPU.ActiveCfg = Release|Any CPU
		{F4D7E538-B095-4B29-84EB-7B8515710159}.Release|Any CPU.Build.0 = Release|Any CPU
		{9D35D64F-7527-418A-ADEF-801C136E683B}.Debug|Any CPU.ActiveCfg = Debug|Any CPU
		{9D35D64F-7527-418A-ADEF-801C136E683B}.Debug|Any CPU.Build.0 = Debug|Any CPU
		{9D35D64F-7527-418A-ADEF-801C136E683B}.Release|Any CPU.ActiveCfg = Release|Any CPU
		{9D35D64F-7527-418A-ADEF-801C136E683B}.Release|Any CPU.Build.0 = Release|Any CPU
	EndGlobalSection
	GlobalSection(SolutionProperties) = preSolution
		HideSolutionNode = FALSE
	EndGlobalSection
	GlobalSection(ExtensibilityGlobals) = postSolution
		SolutionGuid = {FD887246-4C36-4C26-BAAB-1A5967AFA88E}
	EndGlobalSection
EndGlobal
